
Microsoft Visual Studio Solution File, Format Version 12.00
# Visual Studio Version 16
VisualStudioVersion = 16.0.31605.320
MinimumVisualStudioVersion = 10.0.40219.1
Project("{FAE04EC0-301F-11D3-BF4B-00C04F79EFBC}") = "Overloading_and_Explicit_Tusks", "Overloading_and_Explicit_Tusks\Overloading_and_Explicit_Tusks.csproj", "{15730D4C-674B-4C6D-9E42-5B5103175428}"
EndProject
Global
	GlobalSection(SolutionConfigurationPlatforms) = preSolution
		Debug|Any CPU = Debug|Any CPU
		Release|Any CPU = Release|Any CPU
	EndGlobalSection
	GlobalSection(ProjectConfigurationPlatforms) = postSolution
		{15730D4C-674B-4C6D-9E42-5B5103175428}.Debug|Any CPU.ActiveCfg = Debug|Any CPU
		{15730D4C-674B-4C6D-9E42-5B5103175428}.Debug|Any CPU.Build.0 = Debug|Any CPU
		{15730D4C-674B-4C6D-9E42-5B5103175428}.Release|Any CPU.ActiveCfg = Release|Any CPU
		{15730D4C-674B-4C6D-9E42-5B5103175428}.Release|Any CPU.Build.0 = Release|Any CPU
	EndGlobalSection
	GlobalSection(SolutionProperties) = preSolution
		HideSolutionNode = FALSE
	EndGlobalSection
	GlobalSection(ExtensibilityGlobals) = postSolution
		SolutionGuid = {CA3910A5-3BE9-441F-850B-CBBE9240768D}
	EndGlobalSection
EndGlobal
